
Microsoft Visual Studio Solution File, Format Version 12.00
# Visual Studio Version 17
VisualStudioVersion = 17.12.35707.178
MinimumVisualStudioVersion = 10.0.40219.1
Project("{2150E333-8FDC-42A3-9474-1A3956D46DE8}") = "Services", "Services", "{0089F9A3-198A-4F75-98EA-7DE1236BEE81}"
EndProject
Project("{2150E333-8FDC-42A3-9474-1A3956D46DE8}") = "Catalog", "Catalog", "{25380956-DD45-4B55-A0C0-012192DFFF8A}"
EndProject
Project("{FAE04EC0-301F-11D3-BF4B-00C04F79EFBC}") = "Catalog.API", "Services\Catalog\Catalog.API\Catalog.API.csproj", "{B8DC17F7-670B-4221-A7F1-3CD69A706B91}"
EndProject
Project("{2150E333-8FDC-42A3-9474-1A3956D46DE8}") = "BuildingBlocks", "BuildingBlocks", "{226E61C1-CB16-42AB-BF20-157130F6D05A}"
EndProject
Project("{FAE04EC0-301F-11D3-BF4B-00C04F79EFBC}") = "BuildingBlocks", "BuildingBlocks\BuildingBlocks\BuildingBlocks.csproj", "{5A61FD71-9617-4281-B1B0-73C1D5E63553}"
EndProject
Project("{E53339B2-1760-4266-BCC7-CA923CBCF16C}") = "docker-compose", "docker-compose.dcproj", "{CDFC3312-498D-49F7-B911-6C8CD4E4DF8F}"
EndProject
Project("{2150E333-8FDC-42A3-9474-1A3956D46DE8}") = "Basket", "Basket", "{91360EE3-C6FB-487A-A930-2434B367F744}"
EndProject
Project("{FAE04EC0-301F-11D3-BF4B-00C04F79EFBC}") = "Basket.API", "Services\Basket\Basket.API\Basket.API.csproj", "{514D1A37-87C6-4F33-8A6D-1E39E1065A24}"
EndProject
Project("{2150E333-8FDC-42A3-9474-1A3956D46DE8}") = "Discount", "Discount", "{0098DBF6-06C4-4142-B44C-FE1EF5CB1243}"
EndProject
Project("{FAE04EC0-301F-11D3-BF4B-00C04F79EFBC}") = "Discount.Grpc", "Services\Discount\Discount.Grpc\Discount.Grpc.csproj", "{0F2DB947-6E80-48C3-93B5-11C4120802CB}"
EndProject
Global
	GlobalSection(SolutionConfigurationPlatforms) = preSolution
		Debug|Any CPU = Debug|Any CPU
		Release|Any CPU = Release|Any CPU
	EndGlobalSection
	GlobalSection(ProjectConfigurationPlatforms) = postSolution
		{B8DC17F7-670B-4221-A7F1-3CD69A706B91}.Debug|Any CPU.ActiveCfg = Debug|Any CPU
		{B8DC17F7-670B-4221-A7F1-3CD69A706B91}.Debug|Any CPU.Build.0 = Debug|Any CPU
		{B8DC17F7-670B-4221-A7F1-3CD69A706B91}.Release|Any CPU.ActiveCfg = Release|Any CPU
		{B8DC17F7-670B-4221-A7F1-3CD69A706B91}.Release|Any CPU.Build.0 = Release|Any CPU
		{5A61FD71-9617-4281-B1B0-73C1D5E63553}.Debug|Any CPU.ActiveCfg = Debug|Any CPU
		{5A61FD71-9617-4281-B1B0-73C1D5E63553}.Debug|Any CPU.Build.0 = Debug|Any CPU
		{5A61FD71-9617-4281-B1B0-73C1D5E63553}.Release|Any CPU.ActiveCfg = Release|Any CPU
		{5A61FD71-9617-4281-B1B0-73C1D5E63553}.Release|Any CPU.Build.0 = Release|Any CPU
		{CDFC3312-498D-49F7-B911-6C8CD4E4DF8F}.Debug|Any CPU.ActiveCfg = Debug|Any CPU
		{CDFC3312-498D-49F7-B911-6C8CD4E4DF8F}.Debug|Any CPU.Build.0 = Debug|Any CPU
		{CDFC3312-498D-49F7-B911-6C8CD4E4DF8F}.Release|Any CPU.ActiveCfg = Release|Any CPU
		{CDFC3312-498D-49F7-B911-6C8CD4E4DF8F}.Release|Any CPU.Build.0 = Release|Any CPU
		{514D1A37-87C6-4F33-8A6D-1E39E1065A24}.Debug|Any CPU.ActiveCfg = Debug|Any CPU
		{514D1A37-87C6-4F33-8A6D-1E39E1065A24}.Debug|Any CPU.Build.0 = Debug|Any CPU
		{514D1A37-87C6-4F33-8A6D-1E39E1065A24}.Release|Any CPU.ActiveCfg = Release|Any CPU
		{514D1A37-87C6-4F33-8A6D-1E39E1065A24}.Release|Any CPU.Build.0 = Release|Any CPU
		{0F2DB947-6E80-48C3-93B5-11C4120802CB}.Debug|Any CPU.ActiveCfg = Debug|Any CPU
		{0F2DB947-6E80-48C3-93B5-11C4120802CB}.Debug|Any CPU.Build.0 = Debug|Any CPU
		{0F2DB947-6E80-48C3-93B5-11C4120802CB}.Release|Any CPU.ActiveCfg = Release|Any CPU
		{0F2DB947-6E80-48C3-93B5-11C4120802CB}.Release|Any CPU.Build.0 = Release|Any CPU
	EndGlobalSection
	GlobalSection(SolutionProperties) = preSolution
		HideSolutionNode = FALSE
	EndGlobalSection
	GlobalSection(NestedProjects) = preSolution
		{25380956-DD45-4B55-A0C0-012192DFFF8A} = {0089F9A3-198A-4F75-98EA-7DE1236BEE81}
		{B8DC17F7-670B-4221-A7F1-3CD69A706B91} = {25380956-DD45-4B55-A0C0-012192DFFF8A}
		{5A61FD71-9617-4281-B1B0-73C1D5E63553} = {226E61C1-CB16-42AB-BF20-157130F6D05A}
		{91360EE3-C6FB-487A-A930-2434B367F744} = {0089F9A3-198A-4F75-98EA-7DE1236BEE81}
		{514D1A37-87C6-4F33-8A6D-1E39E1065A24} = {91360EE3-C6FB-487A-A930-2434B367F744}
		{0098DBF6-06C4-4142-B44C-FE1EF5CB1243} = {0089F9A3-198A-4F75-98EA-7DE1236BEE81}
		{0F2DB947-6E80-48C3-93B5-11C4120802CB} = {0098DBF6-06C4-4142-B44C-FE1EF5CB1243}
	EndGlobalSection
EndGlobal
